# THIS IS AN AUTOGENERATED FILE. DO NOT EDIT THIS FILE DIRECTLY.
# yarn lockfile v1


cli-prompt@^0.6.0:
  version "0.6.0"
  resolved "https://registry.yarnpkg.com/cli-prompt/-/cli-prompt-0.6.0.tgz#366699dea9c818be6e0e834c33b02d14d8c3696f"
  dependencies:
    keypress "~0.2.1"

keypress@~0.2.1:
  version "0.2.1"
  resolved "https://registry.yarnpkg.com/keypress/-/keypress-0.2.1.tgz#1e80454250018dbad4c3fe94497d6e67b6269c77"
